
Microsoft Visual Studio Solution File, Format Version 12.00
# Visual Studio Version 17
VisualStudioVersion = 17.4.33110.190
MinimumVisualStudioVersion = 10.0.40219.1
Project("{9A19103F-16F7-4668-BE54-9A1E7A4F7556}") = "CSVText", "CSVText.csproj", "{426B172A-4A1A-416C-8C4C-8F5A792DE5E3}"
EndProject
Project("{FAE04EC0-301F-11D3-BF4B-00C04F79EFBC}") = "UnitTests", "..\UnitTests\UnitTests.csproj", "{39685E25-093A-4EB0-BBAC-BB0871A8EEEF}"
EndProject
Global
	GlobalSection(SolutionConfigurationPlatforms) = preSolution
		Debug|Any CPU = Debug|Any CPU
		Release|Any CPU = Release|Any CPU
	EndGlobalSection
	GlobalSection(ProjectConfigurationPlatforms) = postSolution
		{426B172A-4A1A-416C-8C4C-8F5A792DE5E3}.Debug|Any CPU.ActiveCfg = Debug|Any CPU
		{426B172A-4A1A-416C-8C4C-8F5A792DE5E3}.Debug|Any CPU.Build.0 = Debug|Any CPU
		{426B172A-4A1A-416C-8C4C-8F5A792DE5E3}.Release|Any CPU.ActiveCfg = Release|Any CPU
		{426B172A-4A1A-416C-8C4C-8F5A792DE5E3}.Release|Any CPU.Build.0 = Release|Any CPU
		{39685E25-093A-4EB0-BBAC-BB0871A8EEEF}.Debug|Any CPU.ActiveCfg = Debug|Any CPU
		{39685E25-093A-4EB0-BBAC-BB0871A8EEEF}.Debug|Any CPU.Build.0 = Debug|Any CPU
		{39685E25-093A-4EB0-BBAC-BB0871A8EEEF}.Release|Any CPU.ActiveCfg = Release|Any CPU
		{39685E25-093A-4EB0-BBAC-BB0871A8EEEF}.Release|Any CPU.Build.0 = Release|Any CPU
	EndGlobalSection
	GlobalSection(SolutionProperties) = preSolution
		HideSolutionNode = FALSE
	EndGlobalSection
	GlobalSection(ExtensibilityGlobals) = postSolution
		SolutionGuid = {08919EB5-2C90-4711-85D8-5AEB857AE7C8}
	EndGlobalSection
EndGlobal
